// !$*UTF8*$!
{
	archiveVersion = 1;
	classes = {
	};
	objectVersion = 50;
	objects = {

/* Begin PBXBuildFile section */
		4B11368B2451DE6800EB38C8 /* IMMovieBackdropImageView.swift in Sources */ = {isa = PBXBuildFile; fileRef = 4B11368A2451DE6800EB38C8 /* IMMovieBackdropImageView.swift */; };
		4B41A1DB2449E54B002DF581 /* HomeController.swift in Sources */ = {isa = PBXBuildFile; fileRef = 4B41A1DA2449E54B002DF581 /* HomeController.swift */; };
		4B41A1DE2449EB2A002DF581 /* CategoryCell.swift in Sources */ = {isa = PBXBuildFile; fileRef = 4B41A1DD2449EB2A002DF581 /* CategoryCell.swift */; };
		4B41A1E12449F519002DF581 /* UIHelper.swift in Sources */ = {isa = PBXBuildFile; fileRef = 4B41A1E02449F519002DF581 /* UIHelper.swift */; };
		4B41A1E32449F8F2002DF581 /* MovieCell.swift in Sources */ = {isa = PBXBuildFile; fileRef = 4B41A1E22449F8F2002DF581 /* MovieCell.swift */; };
		4B51BECE2448789A009BC683 /* FavoritesVC.swift in Sources */ = {isa = PBXBuildFile; fileRef = 4B51BECD2448789A009BC683 /* FavoritesVC.swift */; };
		4B6393F924558F3A0012FF22 /* PersistenceManager.swift in Sources */ = {isa = PBXBuildFile; fileRef = 4B6393F824558F3A0012FF22 /* PersistenceManager.swift */; };
		4B6393FD2455D9F30012FF22 /* IMAlert.swift in Sources */ = {isa = PBXBuildFile; fileRef = 4B6393FC2455D9F30012FF22 /* IMAlert.swift */; };
		4B65B56C244B805500566108 /* NetworkManager.swift in Sources */ = {isa = PBXBuildFile; fileRef = 4B65B56B244B805500566108 /* NetworkManager.swift */; };
		4B65B56F244B83FF00566108 /* Movie.swift in Sources */ = {isa = PBXBuildFile; fileRef = 4B65B56E244B83FF00566108 /* Movie.swift */; };
		4B65B571244B853800566108 /* IMError.swift in Sources */ = {isa = PBXBuildFile; fileRef = 4B65B570244B853800566108 /* IMError.swift */; };
		4B70A4FB2447728800446B7E /* AppDelegate.swift in Sources */ = {isa = PBXBuildFile; fileRef = 4B70A4FA2447728800446B7E /* AppDelegate.swift */; };
		4B70A4FD2447728800446B7E /* SceneDelegate.swift in Sources */ = {isa = PBXBuildFile; fileRef = 4B70A4FC2447728800446B7E /* SceneDelegate.swift */; };
		4B70A4FF2447728800446B7E /* ViewController.swift in Sources */ = {isa = PBXBuildFile; fileRef = 4B70A4FE2447728800446B7E /* ViewController.swift */; };
		4B70A5042447728D00446B7E /* Assets.xcassets in Resources */ = {isa = PBXBuildFile; fileRef = 4B70A5032447728D00446B7E /* Assets.xcassets */; };
		4B70A5072447728D00446B7E /* LaunchScreen.storyboard in Resources */ = {isa = PBXBuildFile; fileRef = 4B70A5052447728D00446B7E /* LaunchScreen.storyboard */; };
		4BA4DBDB244CC4B100A52910 /* FavoritesController.swift in Sources */ = {isa = PBXBuildFile; fileRef = 4BA4DBDA244CC4B100A52910 /* FavoritesController.swift */; };
		4BA4DBDE244CC55A00A52910 /* IMTitleLabel.swift in Sources */ = {isa = PBXBuildFile; fileRef = 4BA4DBDD244CC55A00A52910 /* IMTitleLabel.swift */; };
		4BDF66D7244ECAB300176F0E /* MovieCategory.swift in Sources */ = {isa = PBXBuildFile; fileRef = 4BDF66D6244ECAB300176F0E /* MovieCategory.swift */; };
		4BDF66DB244EFFAC00176F0E /* IMMoviePosterImageView.swift in Sources */ = {isa = PBXBuildFile; fileRef = 4BDF66DA244EFFAC00176F0E /* IMMoviePosterImageView.swift */; };
/* End PBXBuildFile section */

/* Begin PBXFileReference section */
		4B11368A2451DE6800EB38C8 /* IMMovieBackdropImageView.swift */ = {isa = PBXFileReference; lastKnownFileType = sourcecode.swift; path = IMMovieBackdropImageView.swift; sourceTree = "<group>"; };
		4B41A1DA2449E54B002DF581 /* HomeController.swift */ = {isa = PBXFileReference; lastKnownFileType = sourcecode.swift; path = HomeController.swift; sourceTree = "<group>"; };
		4B41A1DD2449EB2A002DF581 /* CategoryCell.swift */ = {isa = PBXFileReference; lastKnownFileType = sourcecode.swift; path = CategoryCell.swift; sourceTree = "<group>"; };
		4B41A1E02449F519002DF581 /* UIHelper.swift */ = {isa = PBXFileReference; lastKnownFileType = sourcecode.swift; path = UIHelper.swift; sourceTree = "<group>"; };
		4B41A1E22449F8F2002DF581 /* MovieCell.swift */ = {isa = PBXFileReference; lastKnownFileType = sourcecode.swift; path = MovieCell.swift; sourceTree = "<group>"; };
		4B51BECD2448789A009BC683 /* FavoritesVC.swift */ = {isa = PBXFileReference; lastKnownFileType = sourcecode.swift; path = FavoritesVC.swift; sourceTree = "<group>"; };
		4B6393F824558F3A0012FF22 /* PersistenceManager.swift */ = {isa = PBXFileReference; lastKnownFileType = sourcecode.swift; path = PersistenceManager.swift; sourceTree = "<group>"; };
		4B6393FC2455D9F30012FF22 /* IMAlert.swift */ = {isa = PBXFileReference; lastKnownFileType = sourcecode.swift; path = IMAlert.swift; sourceTree = "<group>"; };
		4B65B56B244B805500566108 /* NetworkManager.swift */ = {isa = PBXFileReference; lastKnownFileType = sourcecode.swift; path = NetworkManager.swift; sourceTree = "<group>"; };
		4B65B56E244B83FF00566108 /* Movie.swift */ = {isa = PBXFileReference; lastKnownFileType = sourcecode.swift; path = Movie.swift; sourceTree = "<group>"; };
		4B65B570244B853800566108 /* IMError.swift */ = {isa = PBXFileReference; lastKnownFileType = sourcecode.swift; path = IMError.swift; sourceTree = "<group>"; };
		4B70A4F72447728800446B7E /* InpoMupis.app */ = {isa = PBXFileReference; explicitFileType = wrapper.application; includeInIndex = 0; path = InpoMupis.app; sourceTree = BUILT_PRODUCTS_DIR; };
		4B70A4FA2447728800446B7E /* AppDelegate.swift */ = {isa = PBXFileReference; lastKnownFileType = sourcecode.swift; path = AppDelegate.swift; sourceTree = "<group>"; };
		4B70A4FC2447728800446B7E /* SceneDelegate.swift */ = {isa = PBXFileReference; lastKnownFileType = sourcecode.swift; path = SceneDelegate.swift; sourceTree = "<group>"; };
		4B70A4FE2447728800446B7E /* ViewController.swift */ = {isa = PBXFileReference; lastKnownFileType = sourcecode.swift; path = ViewController.swift; sourceTree = "<group>"; };
		4B70A5032447728D00446B7E /* Assets.xcassets */ = {isa = PBXFileReference; lastKnownFileType = folder.assetcatalog; path = Assets.xcassets; sourceTree = "<group>"; };
		4B70A5062447728D00446B7E /* Base */ = {isa = PBXFileReference; lastKnownFileType = file.storyboard; name = Base; path = Base.lproj/LaunchScreen.storyboard; sourceTree = "<group>"; };
		4B70A5082447728D00446B7E /* Info.plist */ = {isa = PBXFileReference; lastKnownFileType = text.plist.xml; path = Info.plist; sourceTree = "<group>"; };
		4BA4DBDA244CC4B100A52910 /* FavoritesController.swift */ = {isa = PBXFileReference; lastKnownFileType = sourcecode.swift; path = FavoritesController.swift; sourceTree = "<group>"; };
		4BA4DBDD244CC55A00A52910 /* IMTitleLabel.swift */ = {isa = PBXFileReference; lastKnownFileType = sourcecode.swift; path = IMTitleLabel.swift; sourceTree = "<group>"; };
		4BDF66D6244ECAB300176F0E /* MovieCategory.swift */ = {isa = PBXFileReference; lastKnownFileType = sourcecode.swift; path = MovieCategory.swift; sourceTree = "<group>"; };
		4BDF66DA244EFFAC00176F0E /* IMMoviePosterImageView.swift */ = {isa = PBXFileReference; lastKnownFileType = sourcecode.swift; path = IMMoviePosterImageView.swift; sourceTree = "<group>"; };
/* End PBXFileReference section */

/* Begin PBXFrameworksBuildPhase section */
		4B70A4F42447728800446B7E /* Frameworks */ = {
			isa = PBXFrameworksBuildPhase;
			buildActionMask = 2147483647;
			files = (
			);
			runOnlyForDeploymentPostprocessing = 0;
		};
/* End PBXFrameworksBuildPhase section */

/* Begin PBXGroup section */
		4B41A1D92449CA71002DF581 /* Controllers */ = {
			isa = PBXGroup;
			children = (
				4B41A1DA2449E54B002DF581 /* HomeController.swift */,
				4BA4DBDA244CC4B100A52910 /* FavoritesController.swift */,
				4B51BECD2448789A009BC683 /* FavoritesVC.swift */,
				4B41A1DC2449EAF2002DF581 /* Cells */,
			);
			path = Controllers;
			sourceTree = "<group>";
		};
		4B41A1DC2449EAF2002DF581 /* Cells */ = {
			isa = PBXGroup;
			children = (
				4B41A1DD2449EB2A002DF581 /* CategoryCell.swift */,
				4B41A1E22449F8F2002DF581 /* MovieCell.swift */,
			);
			path = Cells;
			sourceTree = "<group>";
		};
		4B41A1DF2449F4FF002DF581 /* Utilities */ = {
			isa = PBXGroup;
			children = (
				4B41A1E02449F519002DF581 /* UIHelper.swift */,
				4B65B570244B853800566108 /* IMError.swift */,
				4B6393FC2455D9F30012FF22 /* IMAlert.swift */,
			);
			path = Utilities;
			sourceTree = "<group>";
		};
		4B65B56A244B804000566108 /* Managers */ = {
			isa = PBXGroup;
			children = (
				4B65B56B244B805500566108 /* NetworkManager.swift */,
				4B6393F824558F3A0012FF22 /* PersistenceManager.swift */,
			);
			path = Managers;
			sourceTree = "<group>";
		};
		4B65B56D244B83E900566108 /* Models */ = {
			isa = PBXGroup;
			children = (
				4B65B56E244B83FF00566108 /* Movie.swift */,
				4BDF66D6244ECAB300176F0E /* MovieCategory.swift */,
			);
			path = Models;
			sourceTree = "<group>";
		};
		4B70A4EE2447728800446B7E = {
			isa = PBXGroup;
			children = (
				4B70A4F92447728800446B7E /* InpoMupis */,
				4B70A4F82447728800446B7E /* Products */,
			);
			sourceTree = "<group>";
		};
		4B70A4F82447728800446B7E /* Products */ = {
			isa = PBXGroup;
			children = (
				4B70A4F72447728800446B7E /* InpoMupis.app */,
			);
			name = Products;
			sourceTree = "<group>";
		};
		4B70A4F92447728800446B7E /* InpoMupis */ = {
			isa = PBXGroup;
			children = (
				4BA4DBDC244CC53A00A52910 /* Views */,
				4B65B56D244B83E900566108 /* Models */,
				4B65B56A244B804000566108 /* Managers */,
				4B41A1DF2449F4FF002DF581 /* Utilities */,
				4B41A1D92449CA71002DF581 /* Controllers */,
				4B70A4FA2447728800446B7E /* AppDelegate.swift */,
				4B70A4FC2447728800446B7E /* SceneDelegate.swift */,
				4B70A4FE2447728800446B7E /* ViewController.swift */,
				4B70A5032447728D00446B7E /* Assets.xcassets */,
				4B70A5052447728D00446B7E /* LaunchScreen.storyboard */,
				4B70A5082447728D00446B7E /* Info.plist */,
			);
			path = InpoMupis;
			sourceTree = "<group>";
		};
		4BA4DBDC244CC53A00A52910 /* Views */ = {
			isa = PBXGroup;
			children = (
				4BA4DBDD244CC55A00A52910 /* IMTitleLabel.swift */,
				4BDF66DA244EFFAC00176F0E /* IMMoviePosterImageView.swift */,
				4B11368A2451DE6800EB38C8 /* IMMovieBackdropImageView.swift */,
			);
			path = Views;
			sourceTree = "<group>";
		};
/* End PBXGroup section */

/* Begin PBXNativeTarget section */
		4B70A4F62447728800446B7E /* InpoMupis */ = {
			isa = PBXNativeTarget;
			buildConfigurationList = 4B70A50B2447728D00446B7E /* Build configuration list for PBXNativeTarget "InpoMupis" */;
			buildPhases = (
				4B70A4F32447728800446B7E /* Sources */,
				4B70A4F42447728800446B7E /* Frameworks */,
				4B70A4F52447728800446B7E /* Resources */,
			);
			buildRules = (
			);
			dependencies = (
			);
			name = InpoMupis;
			productName = InpoMupis;
			productReference = 4B70A4F72447728800446B7E /* InpoMupis.app */;
			productType = "com.apple.product-type.application";
		};
/* End PBXNativeTarget section */

/* Begin PBXProject section */
		4B70A4EF2447728800446B7E /* Project object */ = {
			isa = PBXProject;
			attributes = {
				LastSwiftUpdateCheck = 1130;
				LastUpgradeCheck = 1130;
				ORGANIZATIONNAME = "Dedi Prakasa";
				TargetAttributes = {
					4B70A4F62447728800446B7E = {
						CreatedOnToolsVersion = 11.3.1;
					};
				};
			};
			buildConfigurationList = 4B70A4F22447728800446B7E /* Build configuration list for PBXProject "InpoMupis" */;
			compatibilityVersion = "Xcode 9.3";
			developmentRegion = en;
			hasScannedForEncodings = 0;
			knownRegions = (
				en,
				Base,
			);
			mainGroup = 4B70A4EE2447728800446B7E;
			productRefGroup = 4B70A4F82447728800446B7E /* Products */;
			projectDirPath = "";
			projectRoot = "";
			targets = (
				4B70A4F62447728800446B7E /* InpoMupis */,
			);
		};
/* End PBXProject section */

/* Begin PBXResourcesBuildPhase section */
		4B70A4F52447728800446B7E /* Resources */ = {
			isa = PBXResourcesBuildPhase;
			buildActionMask = 2147483647;
			files = (
				4B70A5072447728D00446B7E /* LaunchScreen.storyboard in Resources */,
				4B70A5042447728D00446B7E /* Assets.xcassets in Resources */,
			);
			runOnlyForDeploymentPostprocessing = 0;
		};
/* End PBXResourcesBuildPhase section */

/* Begin PBXSourcesBuildPhase section */
		4B70A4F32447728800446B7E /* Sources */ = {
			isa = PBXSourcesBuildPhase;
			buildActionMask = 2147483647;
			files = (
				4B65B56C244B805500566108 /* NetworkManager.swift in Sources */,
				4B65B571244B853800566108 /* IMError.swift in Sources */,
				4B51BECE2448789A009BC683 /* FavoritesVC.swift in Sources */,
				4B11368B2451DE6800EB38C8 /* IMMovieBackdropImageView.swift in Sources */,
				4B70A4FF2447728800446B7E /* ViewController.swift in Sources */,
				4B41A1E32449F8F2002DF581 /* MovieCell.swift in Sources */,
				4B65B56F244B83FF00566108 /* Movie.swift in Sources */,
				4BDF66DB244EFFAC00176F0E /* IMMoviePosterImageView.swift in Sources */,
				4B70A4FB2447728800446B7E /* AppDelegate.swift in Sources */,
				4B70A4FD2447728800446B7E /* SceneDelegate.swift in Sources */,
				4B6393FD2455D9F30012FF22 /* IMAlert.swift in Sources */,
				4BDF66D7244ECAB300176F0E /* MovieCategory.swift in Sources */,
				4B6393F924558F3A0012FF22 /* PersistenceManager.swift in Sources */,
				4BA4DBDE244CC55A00A52910 /* IMTitleLabel.swift in Sources */,
				4B41A1DB2449E54B002DF581 /* HomeController.swift in Sources */,
				4B41A1DE2449EB2A002DF581 /* CategoryCell.swift in Sources */,
				4B41A1E12449F519002DF581 /* UIHelper.swift in Sources */,
				4BA4DBDB244CC4B100A52910 /* FavoritesController.swift in Sources */,
			);
			runOnlyForDeploymentPostprocessing = 0;
		};
/* End PBXSourcesBuildPhase section */

/* Begin PBXVariantGroup section */
		4B70A5052447728D00446B7E /* LaunchScreen.storyboard */ = {
			isa = PBXVariantGroup;
			children = (
				4B70A5062447728D00446B7E /* Base */,
			);
			name = LaunchScreen.storyboard;
			sourceTree = "<group>";
		};
/* End PBXVariantGroup section */

/* Begin XCBuildConfiguration section */
		4B70A5092447728D00446B7E /* Debug */ = {
			isa = XCBuildConfiguration;
			buildSettings = {
				ALWAYS_SEARCH_USER_PATHS = NO;
				CLANG_ANALYZER_NONNULL = YES;
				CLANG_ANALYZER_NUMBER_OBJECT_CONVERSION = YES_AGGRESSIVE;
				CLANG_CXX_LANGUAGE_STANDARD = "gnu++14";
				CLANG_CXX_LIBRARY = "libc++";
				CLANG_ENABLE_MODULES = YES;
				CLANG_ENABLE_OBJC_ARC = YES;
				CLANG_ENABLE_OBJC_WEAK = YES;
				CLANG_WARN_BLOCK_CAPTURE_AUTORELEASING = YES;
				CLANG_WARN_BOOL_CONVERSION = YES;
				CLANG_WARN_COMMA = YES;
				CLANG_WARN_CONSTANT_CONVERSION = YES;
				CLANG_WARN_DEPRECATED_OBJC_IMPLEMENTATIONS = YES;
				CLANG_WARN_DIRECT_OBJC_ISA_USAGE = YES_ERROR;
				CLANG_WARN_DOCUMENTATION_COMMENTS = YES;
				CLANG_WARN_EMPTY_BODY = YES;
				CLANG_WARN_ENUM_CONVERSION = YES;
				CLANG_WARN_INFINITE_RECURSION = YES;
				CLANG_WARN_INT_CONVERSION = YES;
				CLANG_WARN_NON_LITERAL_NULL_CONVERSION = YES;
				CLANG_WARN_OBJC_IMPLICIT_RETAIN_SELF = YES;
				CLANG_WARN_OBJC_LITERAL_CONVERSION = YES;
				CLANG_WARN_OBJC_ROOT_CLASS = YES_ERROR;
				CLANG_WARN_RANGE_LOOP_ANALYSIS = YES;
				CLANG_WARN_STRICT_PROTOTYPES = YES;
				CLANG_WARN_SUSPICIOUS_MOVE = YES;
				CLANG_WARN_UNGUARDED_AVAILABILITY = YES_AGGRESSIVE;
				CLANG_WARN_UNREACHABLE_CODE = YES;
				CLANG_WARN__DUPLICATE_METHOD_MATCH = YES;
				COPY_PHASE_STRIP = NO;
				DEBUG_INFORMATION_FORMAT = dwarf;
				ENABLE_STRICT_OBJC_MSGSEND = YES;
				ENABLE_TESTABILITY = YES;
				GCC_C_LANGUAGE_STANDARD = gnu11;
				GCC_DYNAMIC_NO_PIC = NO;
				GCC_NO_COMMON_BLOCKS = YES;
				GCC_OPTIMIZATION_LEVEL = 0;
				GCC_PREPROCESSOR_DEFINITIONS = (
					"DEBUG=1",
					"$(inherited)",
				);
				GCC_WARN_64_TO_32_BIT_CONVERSION = YES;
				GCC_WARN_ABOUT_RETURN_TYPE = YES_ERROR;
				GCC_WARN_UNDECLARED_SELECTOR = YES;
				GCC_WARN_UNINITIALIZED_AUTOS = YES_AGGRESSIVE;
				GCC_WARN_UNUSED_FUNCTION = YES;
				GCC_WARN_UNUSED_VARIABLE = YES;
				IPHONEOS_DEPLOYMENT_TARGET = 13.2;
				MTL_ENABLE_DEBUG_INFO = INCLUDE_SOURCE;
				MTL_FAST_MATH = YES;
				ONLY_ACTIVE_ARCH = YES;
				SDKROOT = iphoneos;
				SWIFT_ACTIVE_COMPILATION_CONDITIONS = DEBUG;
				SWIFT_OPTIMIZATION_LEVEL = "-Onone";
			};
			name = Debug;
		};
		4B70A50A2447728D00446B7E /* Release */ = {
			isa = XCBuildConfiguration;
			buildSettings = {
				ALWAYS_SEARCH_USER_PATHS = NO;
				CLANG_ANALYZER_NONNULL = YES;
				CLANG_ANALYZER_NUMBER_OBJECT_CONVERSION = YES_AGGRESSIVE;
				CLANG_CXX_LANGUAGE_STANDARD = "gnu++14";
				CLANG_CXX_LIBRARY = "libc++";
				CLANG_ENABLE_MODULES = YES;
				CLANG_ENABLE_OBJC_ARC = YES;
				CLANG_ENABLE_OBJC_WEAK = YES;
				CLANG_WARN_BLOCK_CAPTURE_AUTORELEASING = YES;
				CLANG_WARN_BOOL_CONVERSION = YES;
				CLANG_WARN_COMMA = YES;
				CLANG_WARN_CONSTANT_CONVERSION = YES;
				CLANG_WARN_DEPRECATED_OBJC_IMPLEMENTATIONS = YES;
				CLANG_WARN_DIRECT_OBJC_ISA_USAGE = YES_ERROR;
				CLANG_WARN_DOCUMENTATION_COMMENTS = YES;
				CLANG_WARN_EMPTY_BODY = YES;
				CLANG_WARN_ENUM_CONVERSION = YES;
				CLANG_WARN_INFINITE_RECURSION = YES;
				CLANG_WARN_INT_CONVERSION = YES;
				CLANG_WARN_NON_LITERAL_NULL_CONVERSION = YES;
				CLANG_WARN_OBJC_IMPLICIT_RETAIN_SELF = YES;
				CLANG_WARN_OBJC_LITERAL_CONVERSION = YES;
				CLANG_WARN_OBJC_ROOT_CLASS = YES_ERROR;
				CLANG_WARN_RANGE_LOOP_ANALYSIS = YES;
				CLANG_WARN_STRICT_PROTOTYPES = YES;
				CLANG_WARN_SUSPICIOUS_MOVE = YES;
				CLANG_WARN_UNGUARDED_AVAILABILITY = YES_AGGRESSIVE;
				CLANG_WARN_UNREACHABLE_CODE = YES;
				CLANG_WARN__DUPLICATE_METHOD_MATCH = YES;
				COPY_PHASE_STRIP = NO;
				DEBUG_INFORMATION_FORMAT = "dwarf-with-dsym";
				ENABLE_NS_ASSERTIONS = NO;
				ENABLE_STRICT_OBJC_MSGSEND = YES;
				GCC_C_LANGUAGE_STANDARD = gnu11;
				GCC_NO_COMMON_BLOCKS = YES;
				GCC_WARN_64_TO_32_BIT_CONVERSION = YES;
				GCC_WARN_ABOUT_RETURN_TYPE = YES_ERROR;
				GCC_WARN_UNDECLARED_SELECTOR = YES;
				GCC_WARN_UNINITIALIZED_AUTOS = YES_AGGRESSIVE;
				GCC_WARN_UNUSED_FUNCTION = YES;
				GCC_WARN_UNUSED_VARIABLE = YES;
				IPHONEOS_DEPLOYMENT_TARGET = 13.2;
				MTL_ENABLE_DEBUG_INFO = NO;
				MTL_FAST_MATH = YES;
				SDKROOT = iphoneos;
				SWIFT_COMPILATION_MODE = wholemodule;
				SWIFT_OPTIMIZATION_LEVEL = "-O";
				VALIDATE_PRODUCT = YES;
			};
			name = Release;
		};
		4B70A50C2447728D00446B7E /* Debug */ = {
			isa = XCBuildConfiguration;
			buildSettings = {
				ASSETCATALOG_COMPILER_APPICON_NAME = AppIcon;
				CODE_SIGN_STYLE = Automatic;
				INFOPLIST_FILE = InpoMupis/Info.plist;
				LD_RUNPATH_SEARCH_PATHS = (
					"$(inherited)",
					"@executable_path/Frameworks",
				);
				PRODUCT_BUNDLE_IDENTIFIER = com.deltadirac.InpoMupis;
				PRODUCT_NAME = "$(TARGET_NAME)";
				SWIFT_VERSION = 5.0;
				TARGETED_DEVICE_FAMILY = 1;
			};
			name = Debug;
		};
		4B70A50D2447728D00446B7E /* Release */ = {
			isa = XCBuildConfiguration;
			buildSettings = {
				ASSETCATALOG_COMPILER_APPICON_NAME = AppIcon;
				CODE_SIGN_STYLE = Automatic;
				INFOPLIST_FILE = InpoMupis/Info.plist;
				LD_RUNPATH_SEARCH_PATHS = (
					"$(inherited)",
					"@executable_path/Frameworks",
				);
				PRODUCT_BUNDLE_IDENTIFIER = com.deltadirac.InpoMupis;
				PRODUCT_NAME = "$(TARGET_NAME)";
				SWIFT_VERSION = 5.0;
				TARGETED_DEVICE_FAMILY = 1;
			};
			name = Release;
		};
/* End XCBuildConfiguration section */

/* Begin XCConfigurationList section */
		4B70A4F22447728800446B7E /* Build configuration list for PBXProject "InpoMupis" */ = {
			isa = XCConfigurationList;
			buildConfigurations = (
				4B70A5092447728D00446B7E /* Debug */,
				4B70A50A2447728D00446B7E /* Release */,
			);
			defaultConfigurationIsVisible = 0;
			defaultConfigurationName = Release;
		};
		4B70A50B2447728D00446B7E /* Build configuration list for PBXNativeTarget "InpoMupis" */ = {
			isa = XCConfigurationList;
			buildConfigurations = (
				4B70A50C2447728D00446B7E /* Debug */,
				4B70A50D2447728D00446B7E /* Release */,
			);
			defaultConfigurationIsVisible = 0;
			defaultConfigurationName = Release;
		};
/* End XCConfigurationList section */
	};
	rootObject = 4B70A4EF2447728800446B7E /* Project object */;
}
